// !$*UTF8*$!
{
	archiveVersion = 1;
	classes = {
	};
	objectVersion = 56;
	objects = {

/* Begin PBXBuildFile section */
		23ACE4C72EAB5B5000EE7BD8 /* Lab5App.swift in Sources */ = {isa = PBXBuildFile; fileRef = 23ACE4C62EAB5B5000EE7BD8 /* Lab5App.swift */; };
		23ACE4C92EAB5B5000EE7BD8 /* ContentView.swift in Sources */ = {isa = PBXBuildFile; fileRef = 23ACE4C82EAB5B5000EE7BD8 /* ContentView.swift */; };
		23ACE4CB2EAB5B5300EE7BD8 /* Assets.xcassets in Resources */ = {isa = PBXBuildFile; fileRef = 23ACE4CA2EAB5B5300EE7BD8 /* Assets.xcassets */; };
		23ACE4CE2EAB5B5300EE7BD8 /* Preview Assets.xcassets in Resources */ = {isa = PBXBuildFile; fileRef = 23ACE4CD2EAB5B5300EE7BD8 /* Preview Assets.xcassets */; };
		23ACE4D82EAB5B5300EE7BD8 /* Lab5Tests.swift in Sources */ = {isa = PBXBuildFile; fileRef = 23ACE4D72EAB5B5300EE7BD8 /* Lab5Tests.swift */; };
		23ACE4E22EAB5B5300EE7BD8 /* Lab5UITests.swift in Sources */ = {isa = PBXBuildFile; fileRef = 23ACE4E12EAB5B5300EE7BD8 /* Lab5UITests.swift */; };
		23ACE4E42EAB5B5300EE7BD8 /* Lab5UITestsLaunchTests.swift in Sources */ = {isa = PBXBuildFile; fileRef = 23ACE4E32EAB5B5300EE7BD8 /* Lab5UITestsLaunchTests.swift */; };
/* End PBXBuildFile section */

/* Begin PBXContainerItemProxy section */
		23ACE4D42EAB5B5300EE7BD8 /* PBXContainerItemProxy */ = {
			isa = PBXContainerItemProxy;
			containerPortal = 23ACE4BB2EAB5B5000EE7BD8 /* Project object */;
			proxyType = 1;
			remoteGlobalIDString = 23ACE4C22EAB5B5000EE7BD8;
			remoteInfo = Lab5;
		};
		23ACE4DE2EAB5B5300EE7BD8 /* PBXContainerItemProxy */ = {
			isa = PBXContainerItemProxy;
			containerPortal = 23ACE4BB2EAB5B5000EE7BD8 /* Project object */;
			proxyType = 1;
			remoteGlobalIDString = 23ACE4C22EAB5B5000EE7BD8;
			remoteInfo = Lab5;
		};
/* End PBXContainerItemProxy section */

/* Begin PBXFileReference section */
		23ACE4C32EAB5B5000EE7BD8 /* Lab5.app */ = {isa = PBXFileReference; explicitFileType = wrapper.application; includeInIndex = 0; path = Lab5.app; sourceTree = BUILT_PRODUCTS_DIR; };
		23ACE4C62EAB5B5000EE7BD8 /* Lab5App.swift */ = {isa = PBXFileReference; lastKnownFileType = sourcecode.swift; path = Lab5App.swift; sourceTree = "<group>"; };
		23ACE4C82EAB5B5000EE7BD8 /* ContentView.swift */ = {isa = PBXFileReference; lastKnownFileType = sourcecode.swift; path = ContentView.swift; sourceTree = "<group>"; };
		23ACE4CA2EAB5B5300EE7BD8 /* Assets.xcassets */ = {isa = PBXFileReference; lastKnownFileType = folder.assetcatalog; path = Assets.xcassets; sourceTree = "<group>"; };
		23ACE4CD2EAB5B5300EE7BD8 /* Preview Assets.xcassets */ = {isa = PBXFileReference; lastKnownFileType = folder.assetcatalog; path = "Preview Assets.xcassets"; sourceTree = "<group>"; };
		23ACE4D32EAB5B5300EE7BD8 /* Lab5Tests.xctest */ = {isa = PBXFileReference; explicitFileType = wrapper.cfbundle; includeInIndex = 0; path = Lab5Tests.xctest; sourceTree = BUILT_PRODUCTS_DIR; };
		23ACE4D72EAB5B5300EE7BD8 /* Lab5Tests.swift */ = {isa = PBXFileReference; lastKnownFileType = sourcecode.swift; path = Lab5Tests.swift; sourceTree = "<group>"; };
		23ACE4DD2EAB5B5300EE7BD8 /* Lab5UITests.xctest */ = {isa = PBXFileReference; explicitFileType = wrapper.cfbundle; includeInIndex = 0; path = Lab5UITests.xctest; sourceTree = BUILT_PRODUCTS_DIR; };
		23ACE4E12EAB5B5300EE7BD8 /* Lab5UITests.swift */ = {isa = PBXFileReference; lastKnownFileType = sourcecode.swift; path = Lab5UITests.swift; sourceTree = "<group>"; };
		23ACE4E32EAB5B5300EE7BD8 /* Lab5UITestsLaunchTests.swift */ = {isa = PBXFileReference; lastKnownFileType = sourcecode.swift; path = Lab5UITestsLaunchTests.swift; sourceTree = "<group>"; };
/* End PBXFileReference section */

/* Begin PBXFrameworksBuildPhase section */
		23ACE4C02EAB5B5000EE7BD8 /* Frameworks */ = {
			isa = PBXFrameworksBuildPhase;
			buildActionMask = 2147483647;
			files = (
			);
			runOnlyForDeploymentPostprocessing = 0;
		};
		23ACE4D02EAB5B5300EE7BD8 /* Frameworks */ = {
			isa = PBXFrameworksBuildPhase;
			buildActionMask = 2147483647;
			files = (
			);
			runOnlyForDeploymentPostprocessing = 0;
		};
		23ACE4DA2EAB5B5300EE7BD8 /* Frameworks */ = {
			isa = PBXFrameworksBuildPhase;
			buildActionMask = 2147483647;
			files = (
			);
			runOnlyForDeploymentPostprocessing = 0;
		};
/* End PBXFrameworksBuildPhase section */

/* Begin PBXGroup section */
		23ACE4BA2EAB5B5000EE7BD8 = {
			isa = PBXGroup;
			children = (
				23ACE4C52EAB5B5000EE7BD8 /* Lab5 */,
				23ACE4D62EAB5B5300EE7BD8 /* Lab5Tests */,
				23ACE4E02EAB5B5300EE7BD8 /* Lab5UITests */,
				23ACE4C42EAB5B5000EE7BD8 /* Products */,
			);
			sourceTree = "<group>";
		};
		23ACE4C42EAB5B5000EE7BD8 /* Products */ = {
			isa = PBXGroup;
			children = (
				23ACE4C32EAB5B5000EE7BD8 /* Lab5.app */,
				23ACE4D32EAB5B5300EE7BD8 /* Lab5Tests.xctest */,
				23ACE4DD2EAB5B5300EE7BD8 /* Lab5UITests.xctest */,
			);
			name = Products;
			sourceTree = "<group>";
		};
		23ACE4C52EAB5B5000EE7BD8 /* Lab5 */ = {
			isa = PBXGroup;
			children = (
				23ACE4C62EAB5B5000EE7BD8 /* Lab5App.swift */,
				23ACE4C82EAB5B5000EE7BD8 /* ContentView.swift */,
				23ACE4CA2EAB5B5300EE7BD8 /* Assets.xcassets */,
				23ACE4CC2EAB5B5300EE7BD8 /* Preview Content */,
			);
			path = Lab5;
			sourceTree = "<group>";
		};
		23ACE4CC2EAB5B5300EE7BD8 /* Preview Content */ = {
			isa = PBXGroup;
			children = (
				23ACE4CD2EAB5B5300EE7BD8 /* Preview Assets.xcassets */,
			);
			path = "Preview Content";
			sourceTree = "<group>";
		};
		23ACE4D62EAB5B5300EE7BD8 /* Lab5Tests */ = {
			isa = PBXGroup;
			children = (
				23ACE4D72EAB5B5300EE7BD8 /* Lab5Tests.swift */,
			);
			path = Lab5Tests;
			sourceTree = "<group>";
		};
		23ACE4E02EAB5B5300EE7BD8 /* Lab5UITests */ = {
			isa = PBXGroup;
			children = (
				23ACE4E12EAB5B5300EE7BD8 /* Lab5UITests.swift */,
				23ACE4E32EAB5B5300EE7BD8 /* Lab5UITestsLaunchTests.swift */,
			);
			path = Lab5UITests;
			sourceTree = "<group>";
		};
/* End PBXGroup section */

/* Begin PBXNativeTarget section */
		23ACE4C22EAB5B5000EE7BD8 /* Lab5 */ = {
			isa = PBXNativeTarget;
			buildConfigurationList = 23ACE4E72EAB5B5300EE7BD8 /* Build configuration list for PBXNativeTarget "Lab5" */;
			buildPhases = (
				23ACE4BF2EAB5B5000EE7BD8 /* Sources */,
				23ACE4C02EAB5B5000EE7BD8 /* Frameworks */,
				23ACE4C12EAB5B5000EE7BD8 /* Resources */,
			);
			buildRules = (
			);
			dependencies = (
			);
			name = Lab5;
			productName = Lab5;
			productReference = 23ACE4C32EAB5B5000EE7BD8 /* Lab5.app */;
			productType = "com.apple.product-type.application";
		};
		23ACE4D22EAB5B5300EE7BD8 /* Lab5Tests */ = {
			isa = PBXNativeTarget;
			buildConfigurationList = 23ACE4EA2EAB5B5300EE7BD8 /* Build configuration list for PBXNativeTarget "Lab5Tests" */;
			buildPhases = (
				23ACE4CF2EAB5B5300EE7BD8 /* Sources */,
				23ACE4D02EAB5B5300EE7BD8 /* Frameworks */,
				23ACE4D12EAB5B5300EE7BD8 /* Resources */,
			);
			buildRules = (
			);
			dependencies = (
				23ACE4D52EAB5B5300EE7BD8 /* PBXTargetDependency */,
			);
			name = Lab5Tests;
			productName = Lab5Tests;
			productReference = 23ACE4D32EAB5B5300EE7BD8 /* Lab5Tests.xctest */;
			productType = "com.apple.product-type.bundle.unit-test";
		};
		23ACE4DC2EAB5B5300EE7BD8 /* Lab5UITests */ = {
			isa = PBXNativeTarget;
			buildConfigurationList = 23ACE4ED2EAB5B5300EE7BD8 /* Build configuration list for PBXNativeTarget "Lab5UITests" */;
			buildPhases = (
				23ACE4D92EAB5B5300EE7BD8 /* Sources */,
				23ACE4DA2EAB5B5300EE7BD8 /* Frameworks */,
				23ACE4DB2EAB5B5300EE7BD8 /* Resources */,
			);
			buildRules = (
			);
			dependencies = (
				23ACE4DF2EAB5B5300EE7BD8 /* PBXTargetDependency */,
			);
			name = Lab5UITests;
			productName = Lab5UITests;
			productReference = 23ACE4DD2EAB5B5300EE7BD8 /* Lab5UITests.xctest */;
			productType = "com.apple.product-type.bundle.ui-testing";
		};
/* End PBXNativeTarget section */

/* Begin PBXProject section */
		23ACE4BB2EAB5B5000EE7BD8 /* Project object */ = {
			isa = PBXProject;
			attributes = {
				BuildIndependentTargetsInParallel = 1;
				LastSwiftUpdateCheck = 1520;
				LastUpgradeCheck = 1520;
				TargetAttributes = {
					23ACE4C22EAB5B5000EE7BD8 = {
						CreatedOnToolsVersion = 15.2;
					};
					23ACE4D22EAB5B5300EE7BD8 = {
						CreatedOnToolsVersion = 15.2;
						TestTargetID = 23ACE4C22EAB5B5000EE7BD8;
					};
					23ACE4DC2EAB5B5300EE7BD8 = {
						CreatedOnToolsVersion = 15.2;
						TestTargetID = 23ACE4C22EAB5B5000EE7BD8;
					};
				};
			};
			buildConfigurationList = 23ACE4BE2EAB5B5000EE7BD8 /* Build configuration list for PBXProject "Lab5" */;
			compatibilityVersion = "Xcode 14.0";
			developmentRegion = en;
			hasScannedForEncodings = 0;
			knownRegions = (
				en,
				Base,
			);
			mainGroup = 23ACE4BA2EAB5B5000EE7BD8;
			productRefGroup = 23ACE4C42EAB5B5000EE7BD8 /* Products */;
			projectDirPath = "";
			projectRoot = "";
			targets = (
				23ACE4C22EAB5B5000EE7BD8 /* Lab5 */,
				23ACE4D22EAB5B5300EE7BD8 /* Lab5Tests */,
				23ACE4DC2EAB5B5300EE7BD8 /* Lab5UITests */,
			);
		};
/* End PBXProject section */

/* Begin PBXResourcesBuildPhase section */
		23ACE4C12EAB5B5000EE7BD8 /* Resources */ = {
			isa = PBXResourcesBuildPhase;
			buildActionMask = 2147483647;
			files = (
				23ACE4CE2EAB5B5300EE7BD8 /* Preview Assets.xcassets in Resources */,
				23ACE4CB2EAB5B5300EE7BD8 /* Assets.xcassets in Resources */,
			);
			runOnlyForDeploymentPostprocessing = 0;
		};
		23ACE4D12EAB5B5300EE7BD8 /* Resources */ = {
			isa = PBXResourcesBuildPhase;
			buildActionMask = 2147483647;
			files = (
			);
			runOnlyForDeploymentPostprocessing = 0;
		};
		23ACE4DB2EAB5B5300EE7BD8 /* Resources */ = {
			isa = PBXResourcesBuildPhase;
			buildActionMask = 2147483647;
			files = (
			);
			runOnlyForDeploymentPostprocessing = 0;
		};
/* End PBXResourcesBuildPhase section */

/* Begin PBXSourcesBuildPhase section */
		23ACE4BF2EAB5B5000EE7BD8 /* Sources */ = {
			isa = PBXSourcesBuildPhase;
			buildActionMask = 2147483647;
			files = (
				23ACE4C92EAB5B5000EE7BD8 /* ContentView.swift in Sources */,
				23ACE4C72EAB5B5000EE7BD8 /* Lab5App.swift in Sources */,
			);
			runOnlyForDeploymentPostprocessing = 0;
		};
		23ACE4CF2EAB5B5300EE7BD8 /* Sources */ = {
			isa = PBXSourcesBuildPhase;
			buildActionMask = 2147483647;
			files = (
				23ACE4D82EAB5B5300EE7BD8 /* Lab5Tests.swift in Sources */,
			);
			runOnlyForDeploymentPostprocessing = 0;
		};
		23ACE4D92EAB5B5300EE7BD8 /* Sources */ = {
			isa = PBXSourcesBuildPhase;
			buildActionMask = 2147483647;
			files = (
				23ACE4E42EAB5B5300EE7BD8 /* Lab5UITestsLaunchTests.swift in Sources */,
				23ACE4E22EAB5B5300EE7BD8 /* Lab5UITests.swift in Sources */,
			);
			runOnlyForDeploymentPostprocessing = 0;
		};
/* End PBXSourcesBuildPhase section */

/* Begin PBXTargetDependency section */
		23ACE4D52EAB5B5300EE7BD8 /* PBXTargetDependency */ = {
			isa = PBXTargetDependency;
			target = 23ACE4C22EAB5B5000EE7BD8 /* Lab5 */;
			targetProxy = 23ACE4D42EAB5B5300EE7BD8 /* PBXContainerItemProxy */;
		};
		23ACE4DF2EAB5B5300EE7BD8 /* PBXTargetDependency */ = {
			isa = PBXTargetDependency;
			target = 23ACE4C22EAB5B5000EE7BD8 /* Lab5 */;
			targetProxy = 23ACE4DE2EAB5B5300EE7BD8 /* PBXContainerItemProxy */;
		};
/* End PBXTargetDependency section */

/* Begin XCBuildConfiguration section */
		23ACE4E52EAB5B5300EE7BD8 /* Debug */ = {
			isa = XCBuildConfiguration;
			buildSettings = {
				ALWAYS_SEARCH_USER_PATHS = NO;
				ASSETCATALOG_COMPILER_GENERATE_SWIFT_ASSET_SYMBOL_EXTENSIONS = YES;
				CLANG_ANALYZER_NONNULL = YES;
				CLANG_ANALYZER_NUMBER_OBJECT_CONVERSION = YES_AGGRESSIVE;
				CLANG_CXX_LANGUAGE_STANDARD = "gnu++20";
				CLANG_ENABLE_MODULES = YES;
				CLANG_ENABLE_OBJC_ARC = YES;
				CLANG_ENABLE_OBJC_WEAK = YES;
				CLANG_WARN_BLOCK_CAPTURE_AUTORELEASING = YES;
				CLANG_WARN_BOOL_CONVERSION = YES;
				CLANG_WARN_COMMA = YES;
				CLANG_WARN_CONSTANT_CONVERSION = YES;
				CLANG_WARN_DEPRECATED_OBJC_IMPLEMENTATIONS = YES;
				CLANG_WARN_DIRECT_OBJC_ISA_USAGE = YES_ERROR;
				CLANG_WARN_DOCUMENTATION_COMMENTS = YES;
				CLANG_WARN_EMPTY_BODY = YES;
				CLANG_WARN_ENUM_CONVERSION = YES;
				CLANG_WARN_INFINITE_RECURSION = YES;
				CLANG_WARN_INT_CONVERSION = YES;
				CLANG_WARN_NON_LITERAL_NULL_CONVERSION = YES;
				CLANG_WARN_OBJC_IMPLICIT_RETAIN_SELF = YES;
				CLANG_WARN_OBJC_LITERAL_CONVERSION = YES;
				CLANG_WARN_OBJC_ROOT_CLASS = YES_ERROR;
				CLANG_WARN_QUOTED_INCLUDE_IN_FRAMEWORK_HEADER = YES;
				CLANG_WARN_RANGE_LOOP_ANALYSIS = YES;
				CLANG_WARN_STRICT_PROTOTYPES = YES;
				CLANG_WARN_SUSPICIOUS_MOVE = YES;
				CLANG_WARN_UNGUARDED_AVAILABILITY = YES_AGGRESSIVE;
				CLANG_WARN_UNREACHABLE_CODE = YES;
				CLANG_WARN__DUPLICATE_METHOD_MATCH = YES;
				COPY_PHASE_STRIP = NO;
				DEBUG_INFORMATION_FORMAT = dwarf;
				ENABLE_STRICT_OBJC_MSGSEND = YES;
				ENABLE_TESTABILITY = YES;
				ENABLE_USER_SCRIPT_SANDBOXING = YES;
				GCC_C_LANGUAGE_STANDARD = gnu17;
				GCC_DYNAMIC_NO_PIC = NO;
				GCC_NO_COMMON_BLOCKS = YES;
				GCC_OPTIMIZATION_LEVEL = 0;
				GCC_PREPROCESSOR_DEFINITIONS = (
					"DEBUG=1",
					"$(inherited)",
				);
				GCC_WARN_64_TO_32_BIT_CONVERSION = YES;
				GCC_WARN_ABOUT_RETURN_TYPE = YES_ERROR;
				GCC_WARN_UNDECLARED_SELECTOR = YES;
				GCC_WARN_UNINITIALIZED_AUTOS = YES_AGGRESSIVE;
				GCC_WARN_UNUSED_FUNCTION = YES;
				GCC_WARN_UNUSED_VARIABLE = YES;
				IPHONEOS_DEPLOYMENT_TARGET = 17.2;
				LOCALIZATION_PREFERS_STRING_CATALOGS = YES;
				MTL_ENABLE_DEBUG_INFO = INCLUDE_SOURCE;
				MTL_FAST_MATH = YES;
				ONLY_ACTIVE_ARCH = YES;
				SDKROOT = iphoneos;
				SWIFT_ACTIVE_COMPILATION_CONDITIONS = "DEBUG $(inherited)";
				SWIFT_OPTIMIZATION_LEVEL = "-Onone";
			};
			name = Debug;
		};
		23ACE4E62EAB5B5300EE7BD8 /* Release */ = {
			isa = XCBuildConfiguration;
			buildSettings = {
				ALWAYS_SEARCH_USER_PATHS = NO;
				ASSETCATALOG_COMPILER_GENERATE_SWIFT_ASSET_SYMBOL_EXTENSIONS = YES;
				CLANG_ANALYZER_NONNULL = YES;
				CLANG_ANALYZER_NUMBER_OBJECT_CONVERSION = YES_AGGRESSIVE;
				CLANG_CXX_LANGUAGE_STANDARD = "gnu++20";
				CLANG_ENABLE_MODULES = YES;
				CLANG_ENABLE_OBJC_ARC = YES;
				CLANG_ENABLE_OBJC_WEAK = YES;
				CLANG_WARN_BLOCK_CAPTURE_AUTORELEASING = YES;
				CLANG_WARN_BOOL_CONVERSION = YES;
				CLANG_WARN_COMMA = YES;
				CLANG_WARN_CONSTANT_CONVERSION = YES;
				CLANG_WARN_DEPRECATED_OBJC_IMPLEMENTATIONS = YES;
				CLANG_WARN_DIRECT_OBJC_ISA_USAGE = YES_ERROR;
				CLANG_WARN_DOCUMENTATION_COMMENTS = YES;
				CLANG_WARN_EMPTY_BODY = YES;
				CLANG_WARN_ENUM_CONVERSION = YES;
				CLANG_WARN_INFINITE_RECURSION = YES;
				CLANG_WARN_INT_CONVERSION = YES;
				CLANG_WARN_NON_LITERAL_NULL_CONVERSION = YES;
				CLANG_WARN_OBJC_IMPLICIT_RETAIN_SELF = YES;
				CLANG_WARN_OBJC_LITERAL_CONVERSION = YES;
				CLANG_WARN_OBJC_ROOT_CLASS = YES_ERROR;
				CLANG_WARN_QUOTED_INCLUDE_IN_FRAMEWORK_HEADER = YES;
				CLANG_WARN_RANGE_LOOP_ANALYSIS = YES;
				CLANG_WARN_STRICT_PROTOTYPES = YES;
				CLANG_WARN_SUSPICIOUS_MOVE = YES;
				CLANG_WARN_UNGUARDED_AVAILABILITY = YES_AGGRESSIVE;
				CLANG_WARN_UNREACHABLE_CODE = YES;
				CLANG_WARN__DUPLICATE_METHOD_MATCH = YES;
				COPY_PHASE_STRIP = NO;
				DEBUG_INFORMATION_FORMAT = "dwarf-with-dsym";
				ENABLE_NS_ASSERTIONS = NO;
				ENABLE_STRICT_OBJC_MSGSEND = YES;
				ENABLE_USER_SCRIPT_SANDBOXING = YES;
				GCC_C_LANGUAGE_STANDARD = gnu17;
				GCC_NO_COMMON_BLOCKS = YES;
				GCC_WARN_64_TO_32_BIT_CONVERSION = YES;
				GCC_WARN_ABOUT_RETURN_TYPE = YES_ERROR;
				GCC_WARN_UNDECLARED_SELECTOR = YES;
				GCC_WARN_UNINITIALIZED_AUTOS = YES_AGGRESSIVE;
				GCC_WARN_UNUSED_FUNCTION = YES;
				GCC_WARN_UNUSED_VARIABLE = YES;
				IPHONEOS_DEPLOYMENT_TARGET = 17.2;
				LOCALIZATION_PREFERS_STRING_CATALOGS = YES;
				MTL_ENABLE_DEBUG_INFO = NO;
				MTL_FAST_MATH = YES;
				SDKROOT = iphoneos;
				SWIFT_COMPILATION_MODE = wholemodule;
				VALIDATE_PRODUCT = YES;
			};
			name = Release;
		};
		23ACE4E82EAB5B5300EE7BD8 /* Debug */ = {
			isa = XCBuildConfiguration;
			buildSettings = {
				ASSETCATALOG_COMPILER_APPICON_NAME = AppIcon;
				ASSETCATALOG_COMPILER_GLOBAL_ACCENT_COLOR_NAME = AccentColor;
				CODE_SIGN_STYLE = Automatic;
				CURRENT_PROJECT_VERSION = 1;
				DEVELOPMENT_ASSET_PATHS = "\"Lab5/Preview Content\"";
				ENABLE_PREVIEWS = YES;
				GENERATE_INFOPLIST_FILE = YES;
				INFOPLIST_KEY_UIApplicationSceneManifest_Generation = YES;
				INFOPLIST_KEY_UIApplicationSupportsIndirectInputEvents = YES;
				INFOPLIST_KEY_UILaunchScreen_Generation = YES;
				INFOPLIST_KEY_UISupportedInterfaceOrientations_iPad = "UIInterfaceOrientationPortrait UIInterfaceOrientationPortraitUpsideDown UIInterfaceOrientationLandscapeLeft UIInterfaceOrientationLandscapeRight";
				INFOPLIST_KEY_UISupportedInterfaceOrientations_iPhone = "UIInterfaceOrientationPortrait UIInterfaceOrientationLandscapeLeft UIInterfaceOrientationLandscapeRight";
				LD_RUNPATH_SEARCH_PATHS = (
					"$(inherited)",
					"@executable_path/Frameworks",
				);
				MARKETING_VERSION = 1.0;
				PRODUCT_BUNDLE_IDENTIFIER = nltu.Lab5;
				PRODUCT_NAME = "$(TARGET_NAME)";
				SWIFT_EMIT_LOC_STRINGS = YES;
				SWIFT_VERSION = 5.0;
				TARGETED_DEVICE_FAMILY = "1,2";
			};
			name = Debug;
		};
		23ACE4E92EAB5B5300EE7BD8 /* Release */ = {
			isa = XCBuildConfiguration;
			buildSettings = {
				ASSETCATALOG_COMPILER_APPICON_NAME = AppIcon;
				ASSETCATALOG_COMPILER_GLOBAL_ACCENT_COLOR_NAME = AccentColor;
				CODE_SIGN_STYLE = Automatic;
				CURRENT_PROJECT_VERSION = 1;
				DEVELOPMENT_ASSET_PATHS = "\"Lab5/Preview Content\"";
				ENABLE_PREVIEWS = YES;
				GENERATE_INFOPLIST_FILE = YES;
				INFOPLIST_KEY_UIApplicationSceneManifest_Generation = YES;
				INFOPLIST_KEY_UIApplicationSupportsIndirectInputEvents = YES;
				INFOPLIST_KEY_UILaunchScreen_Generation = YES;
				INFOPLIST_KEY_UISupportedInterfaceOrientations_iPad = "UIInterfaceOrientationPortrait UIInterfaceOrientationPortraitUpsideDown UIInterfaceOrientationLandscapeLeft UIInterfaceOrientationLandscapeRight";
				INFOPLIST_KEY_UISupportedInterfaceOrientations_iPhone = "UIInterfaceOrientationPortrait UIInterfaceOrientationLandscapeLeft UIInterfaceOrientationLandscapeRight";
				LD_RUNPATH_SEARCH_PATHS = (
					"$(inherited)",
					"@executable_path/Frameworks",
				);
				MARKETING_VERSION = 1.0;
				PRODUCT_BUNDLE_IDENTIFIER = nltu.Lab5;
				PRODUCT_NAME = "$(TARGET_NAME)";
				SWIFT_EMIT_LOC_STRINGS = YES;
				SWIFT_VERSION = 5.0;
				TARGETED_DEVICE_FAMILY = "1,2";
			};
			name = Release;
		};
		23ACE4EB2EAB5B5300EE7BD8 /* Debug */ = {
			isa = XCBuildConfiguration;
			buildSettings = {
				ALWAYS_EMBED_SWIFT_STANDARD_LIBRARIES = YES;
				BUNDLE_LOADER = "$(TEST_HOST)";
				CODE_SIGN_STYLE = Automatic;
				CURRENT_PROJECT_VERSION = 1;
				GENERATE_INFOPLIST_FILE = YES;
				IPHONEOS_DEPLOYMENT_TARGET = 17.2;
				MARKETING_VERSION = 1.0;
				PRODUCT_BUNDLE_IDENTIFIER = nltu.Lab5Tests;
				PRODUCT_NAME = "$(TARGET_NAME)";
				SWIFT_EMIT_LOC_STRINGS = NO;
				SWIFT_VERSION = 5.0;
				TARGETED_DEVICE_FAMILY = "1,2";
				TEST_HOST = "$(BUILT_PRODUCTS_DIR)/Lab5.app/$(BUNDLE_EXECUTABLE_FOLDER_PATH)/Lab5";
			};
			name = Debug;
		};
		23ACE4EC2EAB5B5300EE7BD8 /* Release */ = {
			isa = XCBuildConfiguration;
			buildSettings = {
				ALWAYS_EMBED_SWIFT_STANDARD_LIBRARIES = YES;
				BUNDLE_LOADER = "$(TEST_HOST)";
				CODE_SIGN_STYLE = Automatic;
				CURRENT_PROJECT_VERSION = 1;
				GENERATE_INFOPLIST_FILE = YES;
				IPHONEOS_DEPLOYMENT_TARGET = 17.2;
				MARKETING_VERSION = 1.0;
				PRODUCT_BUNDLE_IDENTIFIER = nltu.Lab5Tests;
				PRODUCT_NAME = "$(TARGET_NAME)";
				SWIFT_EMIT_LOC_STRINGS = NO;
				SWIFT_VERSION = 5.0;
				TARGETED_DEVICE_FAMILY = "1,2";
				TEST_HOST = "$(BUILT_PRODUCTS_DIR)/Lab5.app/$(BUNDLE_EXECUTABLE_FOLDER_PATH)/Lab5";
			};
			name = Release;
		};
		23ACE4EE2EAB5B5300EE7BD8 /* Debug */ = {
			isa = XCBuildConfiguration;
			buildSettings = {
				ALWAYS_EMBED_SWIFT_STANDARD_LIBRARIES = YES;
				CODE_SIGN_STYLE = Automatic;
				CURRENT_PROJECT_VERSION = 1;
				GENERATE_INFOPLIST_FILE = YES;
				MARKETING_VERSION = 1.0;
				PRODUCT_BUNDLE_IDENTIFIER = nltu.Lab5UITests;
				PRODUCT_NAME = "$(TARGET_NAME)";
				SWIFT_EMIT_LOC_STRINGS = NO;
				SWIFT_VERSION = 5.0;
				TARGETED_DEVICE_FAMILY = "1,2";
				TEST_TARGET_NAME = Lab5;
			};
			name = Debug;
		};
		23ACE4EF2EAB5B5300EE7BD8 /* Release */ = {
			isa = XCBuildConfiguration;
			buildSettings = {
				ALWAYS_EMBED_SWIFT_STANDARD_LIBRARIES = YES;
				CODE_SIGN_STYLE = Automatic;
				CURRENT_PROJECT_VERSION = 1;
				GENERATE_INFOPLIST_FILE = YES;
				MARKETING_VERSION = 1.0;
				PRODUCT_BUNDLE_IDENTIFIER = nltu.Lab5UITests;
				PRODUCT_NAME = "$(TARGET_NAME)";
				SWIFT_EMIT_LOC_STRINGS = NO;
				SWIFT_VERSION = 5.0;
				TARGETED_DEVICE_FAMILY = "1,2";
				TEST_TARGET_NAME = Lab5;
			};
			name = Release;
		};
/* End XCBuildConfiguration section */

/* Begin XCConfigurationList section */
		23ACE4BE2EAB5B5000EE7BD8 /* Build configuration list for PBXProject "Lab5" */ = {
			isa = XCConfigurationList;
			buildConfigurations = (
				23ACE4E52EAB5B5300EE7BD8 /* Debug */,
				23ACE4E62EAB5B5300EE7BD8 /* Release */,
			);
			defaultConfigurationIsVisible = 0;
			defaultConfigurationName = Release;
		};
		23ACE4E72EAB5B5300EE7BD8 /* Build configuration list for PBXNativeTarget "Lab5" */ = {
			isa = XCConfigurationList;
			buildConfigurations = (
				23ACE4E82EAB5B5300EE7BD8 /* Debug */,
				23ACE4E92EAB5B5300EE7BD8 /* Release */,
			);
			defaultConfigurationIsVisible = 0;
			defaultConfigurationName = Release;
		};
		23ACE4EA2EAB5B5300EE7BD8 /* Build configuration list for PBXNativeTarget "Lab5Tests" */ = {
			isa = XCConfigurationList;
			buildConfigurations = (
				23ACE4EB2EAB5B5300EE7BD8 /* Debug */,
				23ACE4EC2EAB5B5300EE7BD8 /* Release */,
			);
			defaultConfigurationIsVisible = 0;
			defaultConfigurationName = Release;
		};
		23ACE4ED2EAB5B5300EE7BD8 /* Build configuration list for PBXNativeTarget "Lab5UITests" */ = {
			isa = XCConfigurationList;
			buildConfigurations = (
				23ACE4EE2EAB5B5300EE7BD8 /* Debug */,
				23ACE4EF2EAB5B5300EE7BD8 /* Release */,
			);
			defaultConfigurationIsVisible = 0;
			defaultConfigurationName = Release;
		};
/* End XCConfigurationList section */
	};
	rootObject = 23ACE4BB2EAB5B5000EE7BD8 /* Project object */;
}
